// !$*UTF8*$!
{
	archiveVersion = 1;
	classes = {
	};
	objectVersion = 46;
	objects = {

/* Begin PBXBuildFile section */
		5747F35720C5D6EE0075B0E8 /* AppDelegate.swift in Sources */ = {isa = PBXBuildFile; fileRef = 5747F35620C5D6EE0075B0E8 /* AppDelegate.swift */; };
		5747F35920C5D6EE0075B0E8 /* ViewController.swift in Sources */ = {isa = PBXBuildFile; fileRef = 5747F35820C5D6EE0075B0E8 /* ViewController.swift */; };
		5747F35C20C5D6EE0075B0E8 /* Main.storyboard in Resources */ = {isa = PBXBuildFile; fileRef = 5747F35A20C5D6EE0075B0E8 /* Main.storyboard */; };
		5747F35F20C5D6EE0075B0E8 /* Hush.xcdatamodeld in Sources */ = {isa = PBXBuildFile; fileRef = 5747F35D20C5D6EE0075B0E8 /* Hush.xcdatamodeld */; };
		5747F36120C5D6EE0075B0E8 /* Assets.xcassets in Resources */ = {isa = PBXBuildFile; fileRef = 5747F36020C5D6EE0075B0E8 /* Assets.xcassets */; };
		5747F36420C5D6EE0075B0E8 /* LaunchScreen.storyboard in Resources */ = {isa = PBXBuildFile; fileRef = 5747F36220C5D6EE0075B0E8 /* LaunchScreen.storyboard */; };
		5747F36F20C5D6EF0075B0E8 /* HushTests.swift in Sources */ = {isa = PBXBuildFile; fileRef = 5747F36E20C5D6EF0075B0E8 /* HushTests.swift */; };
/* End PBXBuildFile section */

/* Begin PBXContainerItemProxy section */
		5747F36B20C5D6EF0075B0E8 /* PBXContainerItemProxy */ = {
			isa = PBXContainerItemProxy;
			containerPortal = 5747F34B20C5D6ED0075B0E8 /* Project object */;
			proxyType = 1;
			remoteGlobalIDString = 5747F35220C5D6EE0075B0E8;
			remoteInfo = Hush;
		};
/* End PBXContainerItemProxy section */

/* Begin PBXFileReference section */
		5747F35320C5D6EE0075B0E8 /* Hush.app */ = {isa = PBXFileReference; explicitFileType = wrapper.application; includeInIndex = 0; path = Hush.app; sourceTree = BUILT_PRODUCTS_DIR; };
		5747F35620C5D6EE0075B0E8 /* AppDelegate.swift */ = {isa = PBXFileReference; lastKnownFileType = sourcecode.swift; path = AppDelegate.swift; sourceTree = "<group>"; };
		5747F35820C5D6EE0075B0E8 /* ViewController.swift */ = {isa = PBXFileReference; lastKnownFileType = sourcecode.swift; path = ViewController.swift; sourceTree = "<group>"; };
		5747F35B20C5D6EE0075B0E8 /* Base */ = {isa = PBXFileReference; lastKnownFileType = file.storyboard; name = Base; path = Base.lproj/Main.storyboard; sourceTree = "<group>"; };
		5747F35E20C5D6EE0075B0E8 /* Hush.xcdatamodel */ = {isa = PBXFileReference; lastKnownFileType = wrapper.xcdatamodel; path = Hush.xcdatamodel; sourceTree = "<group>"; };
		5747F36020C5D6EE0075B0E8 /* Assets.xcassets */ = {isa = PBXFileReference; lastKnownFileType = folder.assetcatalog; path = Assets.xcassets; sourceTree = "<group>"; };
		5747F36320C5D6EE0075B0E8 /* Base */ = {isa = PBXFileReference; lastKnownFileType = file.storyboard; name = Base; path = Base.lproj/LaunchScreen.storyboard; sourceTree = "<group>"; };
		5747F36520C5D6EE0075B0E8 /* Info.plist */ = {isa = PBXFileReference; lastKnownFileType = text.plist.xml; path = Info.plist; sourceTree = "<group>"; };
		5747F36A20C5D6EF0075B0E8 /* HushTests.xctest */ = {isa = PBXFileReference; explicitFileType = wrapper.cfbundle; includeInIndex = 0; path = HushTests.xctest; sourceTree = BUILT_PRODUCTS_DIR; };
		5747F36E20C5D6EF0075B0E8 /* HushTests.swift */ = {isa = PBXFileReference; lastKnownFileType = sourcecode.swift; path = HushTests.swift; sourceTree = "<group>"; };
		5747F37020C5D6EF0075B0E8 /* Info.plist */ = {isa = PBXFileReference; lastKnownFileType = text.plist.xml; path = Info.plist; sourceTree = "<group>"; };
/* End PBXFileReference section */

/* Begin PBXFrameworksBuildPhase section */
		5747F35020C5D6EE0075B0E8 /* Frameworks */ = {
			isa = PBXFrameworksBuildPhase;
			buildActionMask = 2147483647;
			files = (
			);
			runOnlyForDeploymentPostprocessing = 0;
		};
		5747F36720C5D6EF0075B0E8 /* Frameworks */ = {
			isa = PBXFrameworksBuildPhase;
			buildActionMask = 2147483647;
			files = (
			);
			runOnlyForDeploymentPostprocessing = 0;
		};
/* End PBXFrameworksBuildPhase section */

/* Begin PBXGroup section */
		5747F34A20C5D6ED0075B0E8 = {
			isa = PBXGroup;
			children = (
				5747F35520C5D6EE0075B0E8 /* Hush */,
				5747F36D20C5D6EF0075B0E8 /* HushTests */,
				5747F35420C5D6EE0075B0E8 /* Products */,
			);
			sourceTree = "<group>";
		};
		5747F35420C5D6EE0075B0E8 /* Products */ = {
			isa = PBXGroup;
			children = (
				5747F35320C5D6EE0075B0E8 /* Hush.app */,
				5747F36A20C5D6EF0075B0E8 /* HushTests.xctest */,
			);
			name = Products;
			sourceTree = "<group>";
		};
		5747F35520C5D6EE0075B0E8 /* Hush */ = {
			isa = PBXGroup;
			children = (
				5747F35620C5D6EE0075B0E8 /* AppDelegate.swift */,
				5747F35820C5D6EE0075B0E8 /* ViewController.swift */,
				5747F35A20C5D6EE0075B0E8 /* Main.storyboard */,
				5747F36020C5D6EE0075B0E8 /* Assets.xcassets */,
				5747F36220C5D6EE0075B0E8 /* LaunchScreen.storyboard */,
				5747F36520C5D6EE0075B0E8 /* Info.plist */,
				5747F35D20C5D6EE0075B0E8 /* Hush.xcdatamodeld */,
			);
			path = Hush;
			sourceTree = "<group>";
		};
		5747F36D20C5D6EF0075B0E8 /* HushTests */ = {
			isa = PBXGroup;
			children = (
				5747F36E20C5D6EF0075B0E8 /* HushTests.swift */,
				5747F37020C5D6EF0075B0E8 /* Info.plist */,
			);
			path = HushTests;
			sourceTree = "<group>";
		};
/* End PBXGroup section */

/* Begin PBXNativeTarget section */
		5747F35220C5D6EE0075B0E8 /* Hush */ = {
			isa = PBXNativeTarget;
			buildConfigurationList = 5747F37320C5D6EF0075B0E8 /* Build configuration list for PBXNativeTarget "Hush" */;
			buildPhases = (
				5747F34F20C5D6EE0075B0E8 /* Sources */,
				5747F35020C5D6EE0075B0E8 /* Frameworks */,
				5747F35120C5D6EE0075B0E8 /* Resources */,
			);
			buildRules = (
			);
			dependencies = (
			);
			name = Hush;
			productName = Hush;
			productReference = 5747F35320C5D6EE0075B0E8 /* Hush.app */;
			productType = "com.apple.product-type.application";
		};
		5747F36920C5D6EF0075B0E8 /* HushTests */ = {
			isa = PBXNativeTarget;
			buildConfigurationList = 5747F37620C5D6EF0075B0E8 /* Build configuration list for PBXNativeTarget "HushTests" */;
			buildPhases = (
				5747F36620C5D6EF0075B0E8 /* Sources */,
				5747F36720C5D6EF0075B0E8 /* Frameworks */,
				5747F36820C5D6EF0075B0E8 /* Resources */,
			);
			buildRules = (
			);
			dependencies = (
				5747F36C20C5D6EF0075B0E8 /* PBXTargetDependency */,
			);
			name = HushTests;
			productName = HushTests;
			productReference = 5747F36A20C5D6EF0075B0E8 /* HushTests.xctest */;
			productType = "com.apple.product-type.bundle.unit-test";
		};
/* End PBXNativeTarget section */

/* Begin PBXProject section */
		5747F34B20C5D6ED0075B0E8 /* Project object */ = {
			isa = PBXProject;
			attributes = {
				LastSwiftUpdateCheck = 0820;
				LastUpgradeCheck = 0820;
				ORGANIZATIONNAME = SynergyLabs;
				TargetAttributes = {
					5747F35220C5D6EE0075B0E8 = {
						CreatedOnToolsVersion = 8.2.1;
						DevelopmentTeam = 3W4TPJ555T;
						ProvisioningStyle = Automatic;
					};
					5747F36920C5D6EF0075B0E8 = {
						CreatedOnToolsVersion = 8.2.1;
						DevelopmentTeam = 3W4TPJ555T;
						ProvisioningStyle = Automatic;
						TestTargetID = 5747F35220C5D6EE0075B0E8;
					};
				};
			};
			buildConfigurationList = 5747F34E20C5D6ED0075B0E8 /* Build configuration list for PBXProject "Hush" */;
			compatibilityVersion = "Xcode 3.2";
			developmentRegion = English;
			hasScannedForEncodings = 0;
			knownRegions = (
				en,
				Base,
			);
			mainGroup = 5747F34A20C5D6ED0075B0E8;
			productRefGroup = 5747F35420C5D6EE0075B0E8 /* Products */;
			projectDirPath = "";
			projectRoot = "";
			targets = (
				5747F35220C5D6EE0075B0E8 /* Hush */,
				5747F36920C5D6EF0075B0E8 /* HushTests */,
			);
		};
/* End PBXProject section */

/* Begin PBXResourcesBuildPhase section */
		5747F35120C5D6EE0075B0E8 /* Resources */ = {
			isa = PBXResourcesBuildPhase;
			buildActionMask = 2147483647;
			files = (
				5747F36420C5D6EE0075B0E8 /* LaunchScreen.storyboard in Resources */,
				5747F36120C5D6EE0075B0E8 /* Assets.xcassets in Resources */,
				5747F35C20C5D6EE0075B0E8 /* Main.storyboard in Resources */,
			);
			runOnlyForDeploymentPostprocessing = 0;
		};
		5747F36820C5D6EF0075B0E8 /* Resources */ = {
			isa = PBXResourcesBuildPhase;
			buildActionMask = 2147483647;
			files = (
			);
			runOnlyForDeploymentPostprocessing = 0;
		};
/* End PBXResourcesBuildPhase section */

/* Begin PBXSourcesBuildPhase section */
		5747F34F20C5D6EE0075B0E8 /* Sources */ = {
			isa = PBXSourcesBuildPhase;
			buildActionMask = 2147483647;
			files = (
				5747F35920C5D6EE0075B0E8 /* ViewController.swift in Sources */,
				5747F35720C5D6EE0075B0E8 /* AppDelegate.swift in Sources */,
				5747F35F20C5D6EE0075B0E8 /* Hush.xcdatamodeld in Sources */,
			);
			runOnlyForDeploymentPostprocessing = 0;
		};
		5747F36620C5D6EF0075B0E8 /* Sources */ = {
			isa = PBXSourcesBuildPhase;
			buildActionMask = 2147483647;
			files = (
				5747F36F20C5D6EF0075B0E8 /* HushTests.swift in Sources */,
			);
			runOnlyForDeploymentPostprocessing = 0;
		};
/* End PBXSourcesBuildPhase section */

/* Begin PBXTargetDependency section */
		5747F36C20C5D6EF0075B0E8 /* PBXTargetDependency */ = {
			isa = PBXTargetDependency;
			target = 5747F35220C5D6EE0075B0E8 /* Hush */;
			targetProxy = 5747F36B20C5D6EF0075B0E8 /* PBXContainerItemProxy */;
		};
/* End PBXTargetDependency section */

/* Begin PBXVariantGroup section */
		5747F35A20C5D6EE0075B0E8 /* Main.storyboard */ = {
			isa = PBXVariantGroup;
			children = (
				5747F35B20C5D6EE0075B0E8 /* Base */,
			);
			name = Main.storyboard;
			sourceTree = "<group>";
		};
		5747F36220C5D6EE0075B0E8 /* LaunchScreen.storyboard */ = {
			isa = PBXVariantGroup;
			children = (
				5747F36320C5D6EE0075B0E8 /* Base */,
			);
			name = LaunchScreen.storyboard;
			sourceTree = "<group>";
		};
/* End PBXVariantGroup section */

/* Begin XCBuildConfiguration section */
		5747F37120C5D6EF0075B0E8 /* Debug */ = {
			isa = XCBuildConfiguration;
			buildSettings = {
				ALWAYS_SEARCH_USER_PATHS = NO;
				CLANG_ANALYZER_NONNULL = YES;
				CLANG_CXX_LANGUAGE_STANDARD = "gnu++0x";
				CLANG_CXX_LIBRARY = "libc++";
				CLANG_ENABLE_MODULES = YES;
				CLANG_ENABLE_OBJC_ARC = YES;
				CLANG_WARN_BOOL_CONVERSION = YES;
				CLANG_WARN_CONSTANT_CONVERSION = YES;
				CLANG_WARN_DIRECT_OBJC_ISA_USAGE = YES_ERROR;
				CLANG_WARN_DOCUMENTATION_COMMENTS = YES;
				CLANG_WARN_EMPTY_BODY = YES;
				CLANG_WARN_ENUM_CONVERSION = YES;
				CLANG_WARN_INFINITE_RECURSION = YES;
				CLANG_WARN_INT_CONVERSION = YES;
				CLANG_WARN_OBJC_ROOT_CLASS = YES_ERROR;
				CLANG_WARN_SUSPICIOUS_MOVE = YES;
				CLANG_WARN_UNREACHABLE_CODE = YES;
				CLANG_WARN__DUPLICATE_METHOD_MATCH = YES;
				"CODE_SIGN_IDENTITY[sdk=iphoneos*]" = "iPhone Developer";
				COPY_PHASE_STRIP = NO;
				DEBUG_INFORMATION_FORMAT = dwarf;
				ENABLE_STRICT_OBJC_MSGSEND = YES;
				ENABLE_TESTABILITY = YES;
				GCC_C_LANGUAGE_STANDARD = gnu99;
				GCC_DYNAMIC_NO_PIC = NO;
				GCC_NO_COMMON_BLOCKS = YES;
				GCC_OPTIMIZATION_LEVEL = 0;
				GCC_PREPROCESSOR_DEFINITIONS = (
					"DEBUG=1",
					"$(inherited)",
				);
				GCC_WARN_64_TO_32_BIT_CONVERSION = YES;
				GCC_WARN_ABOUT_RETURN_TYPE = YES_ERROR;
				GCC_WARN_UNDECLARED_SELECTOR = YES;
				GCC_WARN_UNINITIALIZED_AUTOS = YES_AGGRESSIVE;
				GCC_WARN_UNUSED_FUNCTION = YES;
				GCC_WARN_UNUSED_VARIABLE = YES;
				IPHONEOS_DEPLOYMENT_TARGET = 10.2;
				MTL_ENABLE_DEBUG_INFO = YES;
				ONLY_ACTIVE_ARCH = YES;
				SDKROOT = iphoneos;
				SWIFT_ACTIVE_COMPILATION_CONDITIONS = DEBUG;
				SWIFT_OPTIMIZATION_LEVEL = "-Onone";
				TARGETED_DEVICE_FAMILY = "1,2";
			};
			name = Debug;
		};
		5747F37220C5D6EF0075B0E8 /* Release */ = {
			isa = XCBuildConfiguration;
			buildSettings = {
				ALWAYS_SEARCH_USER_PATHS = NO;
				CLANG_ANALYZER_NONNULL = YES;
				CLANG_CXX_LANGUAGE_STANDARD = "gnu++0x";
				CLANG_CXX_LIBRARY = "libc++";
				CLANG_ENABLE_MODULES = YES;
				CLANG_ENABLE_OBJC_ARC = YES;
				CLANG_WARN_BOOL_CONVERSION = YES;
				CLANG_WARN_CONSTANT_CONVERSION = YES;
				CLANG_WARN_DIRECT_OBJC_ISA_USAGE = YES_ERROR;
				CLANG_WARN_DOCUMENTATION_COMMENTS = YES;
				CLANG_WARN_EMPTY_BODY = YES;
				CLANG_WARN_ENUM_CONVERSION = YES;
				CLANG_WARN_INFINITE_RECURSION = YES;
				CLANG_WARN_INT_CONVERSION = YES;
				CLANG_WARN_OBJC_ROOT_CLASS = YES_ERROR;
				CLANG_WARN_SUSPICIOUS_MOVE = YES;
				CLANG_WARN_UNREACHABLE_CODE = YES;
				CLANG_WARN__DUPLICATE_METHOD_MATCH = YES;
				"CODE_SIGN_IDENTITY[sdk=iphoneos*]" = "iPhone Developer";
				COPY_PHASE_STRIP = NO;
				DEBUG_INFORMATION_FORMAT = "dwarf-with-dsym";
				ENABLE_NS_ASSERTIONS = NO;
				ENABLE_STRICT_OBJC_MSGSEND = YES;
				GCC_C_LANGUAGE_STANDARD = gnu99;
				GCC_NO_COMMON_BLOCKS = YES;
				GCC_WARN_64_TO_32_BIT_CONVERSION = YES;
				GCC_WARN_ABOUT_RETURN_TYPE = YES_ERROR;
				GCC_WARN_UNDECLARED_SELECTOR = YES;
				GCC_WARN_UNINITIALIZED_AUTOS = YES_AGGRESSIVE;
				GCC_WARN_UNUSED_FUNCTION = YES;
				GCC_WARN_UNUSED_VARIABLE = YES;
				IPHONEOS_DEPLOYMENT_TARGET = 10.2;
				MTL_ENABLE_DEBUG_INFO = NO;
				SDKROOT = iphoneos;
				SWIFT_OPTIMIZATION_LEVEL = "-Owholemodule";
				TARGETED_DEVICE_FAMILY = "1,2";
				VALIDATE_PRODUCT = YES;
			};
			name = Release;
		};
		5747F37420C5D6EF0075B0E8 /* Debug */ = {
			isa = XCBuildConfiguration;
			buildSettings = {
				ASSETCATALOG_COMPILER_APPICON_NAME = AppIcon;
				DEVELOPMENT_TEAM = 3W4TPJ555T;
				INFOPLIST_FILE = Hush/Info.plist;
				LD_RUNPATH_SEARCH_PATHS = "$(inherited) @executable_path/Frameworks";
				PRODUCT_BUNDLE_IDENTIFIER = SynergyLabs.com.Hush;
				PRODUCT_NAME = "$(TARGET_NAME)";
				SWIFT_VERSION = 3.0;
			};
			name = Debug;
		};
		5747F37520C5D6EF0075B0E8 /* Release */ = {
			isa = XCBuildConfiguration;
			buildSettings = {
				ASSETCATALOG_COMPILER_APPICON_NAME = AppIcon;
				DEVELOPMENT_TEAM = 3W4TPJ555T;
				INFOPLIST_FILE = Hush/Info.plist;
				LD_RUNPATH_SEARCH_PATHS = "$(inherited) @executable_path/Frameworks";
				PRODUCT_BUNDLE_IDENTIFIER = SynergyLabs.com.Hush;
				PRODUCT_NAME = "$(TARGET_NAME)";
				SWIFT_VERSION = 3.0;
			};
			name = Release;
		};
		5747F37720C5D6EF0075B0E8 /* Debug */ = {
			isa = XCBuildConfiguration;
			buildSettings = {
				ALWAYS_EMBED_SWIFT_STANDARD_LIBRARIES = YES;
				BUNDLE_LOADER = "$(TEST_HOST)";
				DEVELOPMENT_TEAM = 3W4TPJ555T;
				INFOPLIST_FILE = HushTests/Info.plist;
				LD_RUNPATH_SEARCH_PATHS = "$(inherited) @executable_path/Frameworks @loader_path/Frameworks";
				PRODUCT_BUNDLE_IDENTIFIER = SynergyLabs.com.HushTests;
				PRODUCT_NAME = "$(TARGET_NAME)";
				SWIFT_VERSION = 3.0;
				TEST_HOST = "$(BUILT_PRODUCTS_DIR)/Hush.app/Hush";
			};
			name = Debug;
		};
		5747F37820C5D6EF0075B0E8 /* Release */ = {
			isa = XCBuildConfiguration;
			buildSettings = {
				ALWAYS_EMBED_SWIFT_STANDARD_LIBRARIES = YES;
				BUNDLE_LOADER = "$(TEST_HOST)";
				DEVELOPMENT_TEAM = 3W4TPJ555T;
				INFOPLIST_FILE = HushTests/Info.plist;
				LD_RUNPATH_SEARCH_PATHS = "$(inherited) @executable_path/Frameworks @loader_path/Frameworks";
				PRODUCT_BUNDLE_IDENTIFIER = SynergyLabs.com.HushTests;
				PRODUCT_NAME = "$(TARGET_NAME)";
				SWIFT_VERSION = 3.0;
				TEST_HOST = "$(BUILT_PRODUCTS_DIR)/Hush.app/Hush";
			};
			name = Release;
		};
/* End XCBuildConfiguration section */

/* Begin XCConfigurationList section */
		5747F34E20C5D6ED0075B0E8 /* Build configuration list for PBXProject "Hush" */ = {
			isa = XCConfigurationList;
			buildConfigurations = (
				5747F37120C5D6EF0075B0E8 /* Debug */,
				5747F37220C5D6EF0075B0E8 /* Release */,
			);
			defaultConfigurationIsVisible = 0;
			defaultConfigurationName = Release;
		};
		5747F37320C5D6EF0075B0E8 /* Build configuration list for PBXNativeTarget "Hush" */ = {
			isa = XCConfigurationList;
			buildConfigurations = (
				5747F37420C5D6EF0075B0E8 /* Debug */,
				5747F37520C5D6EF0075B0E8 /* Release */,
			);
			defaultConfigurationIsVisible = 0;
		};
		5747F37620C5D6EF0075B0E8 /* Build configuration list for PBXNativeTarget "HushTests" */ = {
			isa = XCConfigurationList;
			buildConfigurations = (
				5747F37720C5D6EF0075B0E8 /* Debug */,
				5747F37820C5D6EF0075B0E8 /* Release */,
			);
			defaultConfigurationIsVisible = 0;
		};
/* End XCConfigurationList section */

/* Begin XCVersionGroup section */
		5747F35D20C5D6EE0075B0E8 /* Hush.xcdatamodeld */ = {
			isa = XCVersionGroup;
			children = (
				5747F35E20C5D6EE0075B0E8 /* Hush.xcdatamodel */,
			);
			currentVersion = 5747F35E20C5D6EE0075B0E8 /* Hush.xcdatamodel */;
			path = Hush.xcdatamodeld;
			sourceTree = "<group>";
			versionGroupType = wrapper.xcdatamodel;
		};
/* End XCVersionGroup section */
	};
	rootObject = 5747F34B20C5D6ED0075B0E8 /* Project object */;
}
